Microsoft Visual Studio Solution File, Format Version 12.00
# Visual Studio Version 17
VisualStudioVersion = 17.5.2.0
MinimumVisualStudioVersion = 10.0.40219.1
Project("{FAE04EC0-301F-11D3-BF4B-00C04F79EFBC}") = "dotnet-smk-telkom-2025", "dotnet-smk-telkom-2025.csproj", "{BEB2AAEF-9665-75FE-4660-0BACECB0887E}"
EndProject
Global
	GlobalSection(SolutionConfigurationPlatforms) = preSolution
		Debug|Any CPU = Debug|Any CPU
		Release|Any CPU = Release|Any CPU
	EndGlobalSection
	GlobalSection(ProjectConfigurationPlatforms) = postSolution
		{BEB2AAEF-9665-75FE-4660-0BACECB0887E}.Debug|Any CPU.ActiveCfg = Debug|Any CPU
		{BEB2AAEF-9665-75FE-4660-0BACECB0887E}.Debug|Any CPU.Build.0 = Debug|Any CPU
		{BEB2AAEF-9665-75FE-4660-0BACECB0887E}.Release|Any CPU.ActiveCfg = Release|Any CPU
		{BEB2AAEF-9665-75FE-4660-0BACECB0887E}.Release|Any CPU.Build.0 = Release|Any CPU
	EndGlobalSection
	GlobalSection(SolutionProperties) = preSolution
		HideSolutionNode = FALSE
	EndGlobalSection
	GlobalSection(ExtensibilityGlobals) = postSolution
		SolutionGuid = {96F8D86C-6EEB-47BC-A2B5-69DB1C932447}
	EndGlobalSection
EndGlobal
